// !$*UTF8*$!
{
	archiveVersion = 1;
	classes = {
	};
	objectVersion = 56;
	objects = {

/* Begin PBXBuildFile section */
		7E1D80C12982008200056E5D /* ClearTextFieldButton.swift in Sources */ = {isa = PBXBuildFile; fileRef = 7E1D80C02982008200056E5D /* ClearTextFieldButton.swift */; };
		7E3EC3C729790310004D9943 /* UserPlaylistResponse.swift in Sources */ = {isa = PBXBuildFile; fileRef = 7E3EC3C629790310004D9943 /* UserPlaylistResponse.swift */; };
		7E69B9D029524B8B0060FD33 /* HomeScreen.swift in Sources */ = {isa = PBXBuildFile; fileRef = 7E69B9CF29524B8B0060FD33 /* HomeScreen.swift */; };
		7E69B9D229524B9F0060FD33 /* GameScreen.swift in Sources */ = {isa = PBXBuildFile; fileRef = 7E69B9D129524B9F0060FD33 /* GameScreen.swift */; };
		7E69B9D529524C5D0060FD33 /* AuthManager.swift in Sources */ = {isa = PBXBuildFile; fileRef = 7E69B9D429524C5D0060FD33 /* AuthManager.swift */; };
		7E69B9D729524D880060FD33 /* SignInScreen.swift in Sources */ = {isa = PBXBuildFile; fileRef = 7E69B9D629524D880060FD33 /* SignInScreen.swift */; };
		7E69B9DB295386490060FD33 /* WebView.swift in Sources */ = {isa = PBXBuildFile; fileRef = 7E69B9DA295386490060FD33 /* WebView.swift */; };
		7E69B9DF2953F4F70060FD33 /* AuthResponse.swift in Sources */ = {isa = PBXBuildFile; fileRef = 7E69B9DE2953F4F60060FD33 /* AuthResponse.swift */; };
		7E88B1462964E4C60048AEFE /* Launch Screen.storyboard in Resources */ = {isa = PBXBuildFile; fileRef = 7E88B1452964E4C60048AEFE /* Launch Screen.storyboard */; };
		7E88B148296782B80048AEFE /* UserImage.swift in Sources */ = {isa = PBXBuildFile; fileRef = 7E88B147296782B80048AEFE /* UserImage.swift */; };
		7E88B14A296782FE0048AEFE /* Artist.swift in Sources */ = {isa = PBXBuildFile; fileRef = 7E88B149296782FE0048AEFE /* Artist.swift */; };
		7E88B14C296785530048AEFE /* FeaturedPlaylistResponse.swift in Sources */ = {isa = PBXBuildFile; fileRef = 7E88B14B296785530048AEFE /* FeaturedPlaylistResponse.swift */; };
		7E88B14E2968B9340048AEFE /* AudioTrack.swift in Sources */ = {isa = PBXBuildFile; fileRef = 7E88B14D2968B9340048AEFE /* AudioTrack.swift */; };
		7E88B1502968B9D10048AEFE /* Playlist.swift in Sources */ = {isa = PBXBuildFile; fileRef = 7E88B14F2968B9D10048AEFE /* Playlist.swift */; };
		7E88B1522968B9D80048AEFE /* Album.swift in Sources */ = {isa = PBXBuildFile; fileRef = 7E88B1512968B9D80048AEFE /* Album.swift */; };
		7E88B1552968C0790048AEFE /* FeaturedPlaylistCellModel.swift in Sources */ = {isa = PBXBuildFile; fileRef = 7E88B1542968C0790048AEFE /* FeaturedPlaylistCellModel.swift */; };
		7E88B1572968E11C0048AEFE /* PlaylistView.swift in Sources */ = {isa = PBXBuildFile; fileRef = 7E88B1562968E11C0048AEFE /* PlaylistView.swift */; };
		7E88B15B2968ED340048AEFE /* AlbumView.swift in Sources */ = {isa = PBXBuildFile; fileRef = 7E88B15A2968ED340048AEFE /* AlbumView.swift */; };
		7E88B15D2968EED70048AEFE /* PlaylistResponse.swift in Sources */ = {isa = PBXBuildFile; fileRef = 7E88B15C2968EED70048AEFE /* PlaylistResponse.swift */; };
		7E88B15F2968F0330048AEFE /* AlbumResponse.swift in Sources */ = {isa = PBXBuildFile; fileRef = 7E88B15E2968F0330048AEFE /* AlbumResponse.swift */; };
		7EADA8A6298895E500F22C2B /* CircularProgressView.swift in Sources */ = {isa = PBXBuildFile; fileRef = 7EADA8A5298895E500F22C2B /* CircularProgressView.swift */; };
		7EADA8A82989D84A00F22C2B /* Player.swift in Sources */ = {isa = PBXBuildFile; fileRef = 7EADA8A72989D84A00F22C2B /* Player.swift */; };
		7EADA8AA2989D88800F22C2B /* Team.swift in Sources */ = {isa = PBXBuildFile; fileRef = 7EADA8A92989D88800F22C2B /* Team.swift */; };
		7EAF7C36294E530C009C561A /* KBAppApp.swift in Sources */ = {isa = PBXBuildFile; fileRef = 7EAF7C35294E530C009C561A /* KBAppApp.swift */; };
		7EAF7C38294E530C009C561A /* ContentView.swift in Sources */ = {isa = PBXBuildFile; fileRef = 7EAF7C37294E530C009C561A /* ContentView.swift */; };
		7EAF7C3A294E530E009C561A /* Assets.xcassets in Resources */ = {isa = PBXBuildFile; fileRef = 7EAF7C39294E530E009C561A /* Assets.xcassets */; };
		7EAF7C3D294E530E009C561A /* Preview Assets.xcassets in Resources */ = {isa = PBXBuildFile; fileRef = 7EAF7C3C294E530E009C561A /* Preview Assets.xcassets */; };
		7EC43C2C297A777400A59BE5 /* PreGameView.swift in Sources */ = {isa = PBXBuildFile; fileRef = 7EC43C2B297A777400A59BE5 /* PreGameView.swift */; };
		7EC43C30297A780300A59BE5 /* HowToPlayView.swift in Sources */ = {isa = PBXBuildFile; fileRef = 7EC43C2F297A780300A59BE5 /* HowToPlayView.swift */; };
		7EE035AF297612050090BB19 /* PlaylistTrackCellModel.swift in Sources */ = {isa = PBXBuildFile; fileRef = 7EE035AE297612050090BB19 /* PlaylistTrackCellModel.swift */; };
		7EE035B1297620FB0090BB19 /* PlayGameView.swift in Sources */ = {isa = PBXBuildFile; fileRef = 7EE035B0297620FB0090BB19 /* PlayGameView.swift */; };
		7EE7A7AC2954FFA2004B75A6 /* APICaller.swift in Sources */ = {isa = PBXBuildFile; fileRef = 7EE7A7AB2954FFA2004B75A6 /* APICaller.swift */; };
		7EE7A7AF2954FFED004B75A6 /* UserProfile.swift in Sources */ = {isa = PBXBuildFile; fileRef = 7EE7A7AE2954FFED004B75A6 /* UserProfile.swift */; };
		7EE7A7B12964B18D004B75A6 /* ProfileView.swift in Sources */ = {isa = PBXBuildFile; fileRef = 7EE7A7B02964B18D004B75A6 /* ProfileView.swift */; };
		7EE7A7B32964BEBD004B75A6 /* SettingsView.swift in Sources */ = {isa = PBXBuildFile; fileRef = 7EE7A7B22964BEBD004B75A6 /* SettingsView.swift */; };
/* End PBXBuildFile section */

/* Begin PBXFileReference section */
		7E1D80C02982008200056E5D /* ClearTextFieldButton.swift */ = {isa = PBXFileReference; lastKnownFileType = sourcecode.swift; path = ClearTextFieldButton.swift; sourceTree = "<group>"; };
		7E3EC3C629790310004D9943 /* UserPlaylistResponse.swift */ = {isa = PBXFileReference; lastKnownFileType = sourcecode.swift; path = UserPlaylistResponse.swift; sourceTree = "<group>"; };
		7E69B9CF29524B8B0060FD33 /* HomeScreen.swift */ = {isa = PBXFileReference; lastKnownFileType = sourcecode.swift; path = HomeScreen.swift; sourceTree = "<group>"; };
		7E69B9D129524B9F0060FD33 /* GameScreen.swift */ = {isa = PBXFileReference; lastKnownFileType = sourcecode.swift; path = GameScreen.swift; sourceTree = "<group>"; };
		7E69B9D429524C5D0060FD33 /* AuthManager.swift */ = {isa = PBXFileReference; lastKnownFileType = sourcecode.swift; path = AuthManager.swift; sourceTree = "<group>"; };
		7E69B9D629524D880060FD33 /* SignInScreen.swift */ = {isa = PBXFileReference; lastKnownFileType = sourcecode.swift; path = SignInScreen.swift; sourceTree = "<group>"; };
		7E69B9DA295386490060FD33 /* WebView.swift */ = {isa = PBXFileReference; lastKnownFileType = sourcecode.swift; path = WebView.swift; sourceTree = "<group>"; };
		7E69B9DE2953F4F60060FD33 /* AuthResponse.swift */ = {isa = PBXFileReference; lastKnownFileType = sourcecode.swift; path = AuthResponse.swift; sourceTree = "<group>"; };
		7E88B1452964E4C60048AEFE /* Launch Screen.storyboard */ = {isa = PBXFileReference; lastKnownFileType = file.storyboard; path = "Launch Screen.storyboard"; sourceTree = "<group>"; };
		7E88B147296782B80048AEFE /* UserImage.swift */ = {isa = PBXFileReference; lastKnownFileType = sourcecode.swift; path = UserImage.swift; sourceTree = "<group>"; };
		7E88B149296782FE0048AEFE /* Artist.swift */ = {isa = PBXFileReference; lastKnownFileType = sourcecode.swift; path = Artist.swift; sourceTree = "<group>"; };
		7E88B14B296785530048AEFE /* FeaturedPlaylistResponse.swift */ = {isa = PBXFileReference; lastKnownFileType = sourcecode.swift; path = FeaturedPlaylistResponse.swift; sourceTree = "<group>"; };
		7E88B14D2968B9340048AEFE /* AudioTrack.swift */ = {isa = PBXFileReference; lastKnownFileType = sourcecode.swift; path = AudioTrack.swift; sourceTree = "<group>"; };
		7E88B14F2968B9D10048AEFE /* Playlist.swift */ = {isa = PBXFileReference; lastKnownFileType = sourcecode.swift; path = Playlist.swift; sourceTree = "<group>"; };
		7E88B1512968B9D80048AEFE /* Album.swift */ = {isa = PBXFileReference; lastKnownFileType = sourcecode.swift; path = Album.swift; sourceTree = "<group>"; };
		7E88B1542968C0790048AEFE /* FeaturedPlaylistCellModel.swift */ = {isa = PBXFileReference; lastKnownFileType = sourcecode.swift; path = FeaturedPlaylistCellModel.swift; sourceTree = "<group>"; };
		7E88B1562968E11C0048AEFE /* PlaylistView.swift */ = {isa = PBXFileReference; lastKnownFileType = sourcecode.swift; path = PlaylistView.swift; sourceTree = "<group>"; };
		7E88B15A2968ED340048AEFE /* AlbumView.swift */ = {isa = PBXFileReference; lastKnownFileType = sourcecode.swift; path = AlbumView.swift; sourceTree = "<group>"; };
		7E88B15C2968EED70048AEFE /* PlaylistResponse.swift */ = {isa = PBXFileReference; lastKnownFileType = sourcecode.swift; path = PlaylistResponse.swift; sourceTree = "<group>"; };
		7E88B15E2968F0330048AEFE /* AlbumResponse.swift */ = {isa = PBXFileReference; lastKnownFileType = sourcecode.swift; path = AlbumResponse.swift; sourceTree = "<group>"; };
		7EADA8A5298895E500F22C2B /* CircularProgressView.swift */ = {isa = PBXFileReference; lastKnownFileType = sourcecode.swift; path = CircularProgressView.swift; sourceTree = "<group>"; };
		7EADA8A72989D84A00F22C2B /* Player.swift */ = {isa = PBXFileReference; lastKnownFileType = sourcecode.swift; path = Player.swift; sourceTree = "<group>"; };
		7EADA8A92989D88800F22C2B /* Team.swift */ = {isa = PBXFileReference; lastKnownFileType = sourcecode.swift; path = Team.swift; sourceTree = "<group>"; };
		7EAF7C32294E530C009C561A /* KBApp.app */ = {isa = PBXFileReference; explicitFileType = wrapper.application; includeInIndex = 0; path = KBApp.app; sourceTree = BUILT_PRODUCTS_DIR; };
		7EAF7C35294E530C009C561A /* KBAppApp.swift */ = {isa = PBXFileReference; lastKnownFileType = sourcecode.swift; path = KBAppApp.swift; sourceTree = "<group>"; };
		7EAF7C37294E530C009C561A /* ContentView.swift */ = {isa = PBXFileReference; lastKnownFileType = sourcecode.swift; path = ContentView.swift; sourceTree = "<group>"; };
		7EAF7C39294E530E009C561A /* Assets.xcassets */ = {isa = PBXFileReference; lastKnownFileType = folder.assetcatalog; path = Assets.xcassets; sourceTree = "<group>"; };
		7EAF7C3C294E530E009C561A /* Preview Assets.xcassets */ = {isa = PBXFileReference; lastKnownFileType = folder.assetcatalog; path = "Preview Assets.xcassets"; sourceTree = "<group>"; };
		7EC43C2B297A777400A59BE5 /* PreGameView.swift */ = {isa = PBXFileReference; lastKnownFileType = sourcecode.swift; path = PreGameView.swift; sourceTree = "<group>"; };
		7EC43C2F297A780300A59BE5 /* HowToPlayView.swift */ = {isa = PBXFileReference; lastKnownFileType = sourcecode.swift; path = HowToPlayView.swift; sourceTree = "<group>"; };
		7ED8899C29B2F5B7007A177C /* Info.plist */ = {isa = PBXFileReference; lastKnownFileType = text.plist; path = Info.plist; sourceTree = "<group>"; };
		7EE035AE297612050090BB19 /* PlaylistTrackCellModel.swift */ = {isa = PBXFileReference; lastKnownFileType = sourcecode.swift; path = PlaylistTrackCellModel.swift; sourceTree = "<group>"; };
		7EE035B0297620FB0090BB19 /* PlayGameView.swift */ = {isa = PBXFileReference; lastKnownFileType = sourcecode.swift; path = PlayGameView.swift; sourceTree = "<group>"; };
		7EE7A7AB2954FFA2004B75A6 /* APICaller.swift */ = {isa = PBXFileReference; lastKnownFileType = sourcecode.swift; path = APICaller.swift; sourceTree = "<group>"; };
		7EE7A7AE2954FFED004B75A6 /* UserProfile.swift */ = {isa = PBXFileReference; lastKnownFileType = sourcecode.swift; path = UserProfile.swift; sourceTree = "<group>"; };
		7EE7A7B02964B18D004B75A6 /* ProfileView.swift */ = {isa = PBXFileReference; lastKnownFileType = sourcecode.swift; path = ProfileView.swift; sourceTree = "<group>"; };
		7EE7A7B22964BEBD004B75A6 /* SettingsView.swift */ = {isa = PBXFileReference; lastKnownFileType = sourcecode.swift; path = SettingsView.swift; sourceTree = "<group>"; };
/* End PBXFileReference section */

/* Begin PBXFrameworksBuildPhase section */
		7EAF7C2F294E530C009C561A /* Frameworks */ = {
			isa = PBXFrameworksBuildPhase;
			buildActionMask = 2147483647;
			files = (
			);
			runOnlyForDeploymentPostprocessing = 0;
		};
/* End PBXFrameworksBuildPhase section */

/* Begin PBXGroup section */
		7E1D80BF2982006900056E5D /* Helpers */ = {
			isa = PBXGroup;
			children = (
				7E1D80C02982008200056E5D /* ClearTextFieldButton.swift */,
				7EADA8A5298895E500F22C2B /* CircularProgressView.swift */,
			);
			path = Helpers;
			sourceTree = "<group>";
		};
		7E69B9CC295242CE0060FD33 /* Views */ = {
			isa = PBXGroup;
			children = (
				7E1D80BF2982006900056E5D /* Helpers */,
				7EC43C28297A76C300A59BE5 /* Game */,
				7EC43C27297A76BC00A59BE5 /* Menu */,
			);
			path = Views;
			sourceTree = "<group>";
		};
		7E69B9D329524C4D0060FD33 /* Managers */ = {
			isa = PBXGroup;
			children = (
				7E69B9D429524C5D0060FD33 /* AuthManager.swift */,
				7EE7A7AB2954FFA2004B75A6 /* APICaller.swift */,
			);
			path = Managers;
			sourceTree = "<group>";
		};
		7E88B1442964E4B60048AEFE /* Resources */ = {
			isa = PBXGroup;
			children = (
				7EAF7C39294E530E009C561A /* Assets.xcassets */,
				7E88B1452964E4C60048AEFE /* Launch Screen.storyboard */,
			);
			path = Resources;
			sourceTree = "<group>";
		};
		7E88B1532968BAF30048AEFE /* Core */ = {
			isa = PBXGroup;
			children = (
				7E88B14D2968B9340048AEFE /* AudioTrack.swift */,
				7E88B1512968B9D80048AEFE /* Album.swift */,
				7E88B149296782FE0048AEFE /* Artist.swift */,
				7E88B14F2968B9D10048AEFE /* Playlist.swift */,
				7EADA8A72989D84A00F22C2B /* Player.swift */,
				7EADA8A92989D88800F22C2B /* Team.swift */,
			);
			path = Core;
			sourceTree = "<group>";
		};
		7EAF7C29294E530C009C561A = {
			isa = PBXGroup;
			children = (
				7EAF7C34294E530C009C561A /* KBApp */,
				7EAF7C33294E530C009C561A /* Products */,
			);
			sourceTree = "<group>";
		};
		7EAF7C33294E530C009C561A /* Products */ = {
			isa = PBXGroup;
			children = (
				7EAF7C32294E530C009C561A /* KBApp.app */,
			);
			name = Products;
			sourceTree = "<group>";
		};
		7EAF7C34294E530C009C561A /* KBApp */ = {
			isa = PBXGroup;
			children = (
				7ED8899C29B2F5B7007A177C /* Info.plist */,
				7EAF7C35294E530C009C561A /* KBAppApp.swift */,
				7EAF7C37294E530C009C561A /* ContentView.swift */,
				7EE7A7AD2954FFD6004B75A6 /* Models */,
				7E69B9D329524C4D0060FD33 /* Managers */,
				7E69B9CC295242CE0060FD33 /* Views */,
				7E88B1442964E4B60048AEFE /* Resources */,
				7EAF7C3B294E530E009C561A /* Preview Content */,
			);
			path = KBApp;
			sourceTree = "<group>";
		};
		7EAF7C3B294E530E009C561A /* Preview Content */ = {
			isa = PBXGroup;
			children = (
				7EAF7C3C294E530E009C561A /* Preview Assets.xcassets */,
			);
			path = "Preview Content";
			sourceTree = "<group>";
		};
		7EC43C27297A76BC00A59BE5 /* Menu */ = {
			isa = PBXGroup;
			children = (
				7E88B15A2968ED340048AEFE /* AlbumView.swift */,
				7E88B1562968E11C0048AEFE /* PlaylistView.swift */,
				7E69B9D129524B9F0060FD33 /* GameScreen.swift */,
				7E69B9CF29524B8B0060FD33 /* HomeScreen.swift */,
				7EE7A7B02964B18D004B75A6 /* ProfileView.swift */,
				7EE7A7B22964BEBD004B75A6 /* SettingsView.swift */,
				7E69B9D629524D880060FD33 /* SignInScreen.swift */,
				7E69B9DA295386490060FD33 /* WebView.swift */,
				7EC43C2F297A780300A59BE5 /* HowToPlayView.swift */,
			);
			path = Menu;
			sourceTree = "<group>";
		};
		7EC43C28297A76C300A59BE5 /* Game */ = {
			isa = PBXGroup;
			children = (
				7EC43C2B297A777400A59BE5 /* PreGameView.swift */,
				7EE035B0297620FB0090BB19 /* PlayGameView.swift */,
			);
			path = Game;
			sourceTree = "<group>";
		};
		7EE7A7AD2954FFD6004B75A6 /* Models */ = {
			isa = PBXGroup;
			children = (
				7E88B1532968BAF30048AEFE /* Core */,
				7E69B9DE2953F4F60060FD33 /* AuthResponse.swift */,
				7EE7A7AE2954FFED004B75A6 /* UserProfile.swift */,
				7E88B147296782B80048AEFE /* UserImage.swift */,
				7E88B14B296785530048AEFE /* FeaturedPlaylistResponse.swift */,
				7E88B1542968C0790048AEFE /* FeaturedPlaylistCellModel.swift */,
				7EE035AE297612050090BB19 /* PlaylistTrackCellModel.swift */,
				7E88B15C2968EED70048AEFE /* PlaylistResponse.swift */,
				7E88B15E2968F0330048AEFE /* AlbumResponse.swift */,
				7E3EC3C629790310004D9943 /* UserPlaylistResponse.swift */,
			);
			path = Models;
			sourceTree = "<group>";
		};
/* End PBXGroup section */

/* Begin PBXNativeTarget section */
		7EAF7C31294E530C009C561A /* KBApp */ = {
			isa = PBXNativeTarget;
			buildConfigurationList = 7EAF7C40294E530E009C561A /* Build configuration list for PBXNativeTarget "KBApp" */;
			buildPhases = (
				7EAF7C2E294E530C009C561A /* Sources */,
				7EAF7C2F294E530C009C561A /* Frameworks */,
				7EAF7C30294E530C009C561A /* Resources */,
			);
			buildRules = (
			);
			dependencies = (
			);
			name = KBApp;
			productName = KBApp;
			productReference = 7EAF7C32294E530C009C561A /* KBApp.app */;
			productType = "com.apple.product-type.application";
		};
/* End PBXNativeTarget section */

/* Begin PBXProject section */
		7EAF7C2A294E530C009C561A /* Project object */ = {
			isa = PBXProject;
			attributes = {
				BuildIndependentTargetsInParallel = 1;
				LastSwiftUpdateCheck = 1420;
				LastUpgradeCheck = 1420;
				TargetAttributes = {
					7EAF7C31294E530C009C561A = {
						CreatedOnToolsVersion = 14.2;
					};
				};
			};
			buildConfigurationList = 7EAF7C2D294E530C009C561A /* Build configuration list for PBXProject "KBApp" */;
			compatibilityVersion = "Xcode 14.0";
			developmentRegion = en;
			hasScannedForEncodings = 0;
			knownRegions = (
				en,
				Base,
			);
			mainGroup = 7EAF7C29294E530C009C561A;
			productRefGroup = 7EAF7C33294E530C009C561A /* Products */;
			projectDirPath = "";
			projectRoot = "";
			targets = (
				7EAF7C31294E530C009C561A /* KBApp */,
			);
		};
/* End PBXProject section */

/* Begin PBXResourcesBuildPhase section */
		7EAF7C30294E530C009C561A /* Resources */ = {
			isa = PBXResourcesBuildPhase;
			buildActionMask = 2147483647;
			files = (
				7E88B1462964E4C60048AEFE /* Launch Screen.storyboard in Resources */,
				7EAF7C3D294E530E009C561A /* Preview Assets.xcassets in Resources */,
				7EAF7C3A294E530E009C561A /* Assets.xcassets in Resources */,
			);
			runOnlyForDeploymentPostprocessing = 0;
		};
/* End PBXResourcesBuildPhase section */

/* Begin PBXSourcesBuildPhase section */
		7EAF7C2E294E530C009C561A /* Sources */ = {
			isa = PBXSourcesBuildPhase;
			buildActionMask = 2147483647;
			files = (
				7EAF7C38294E530C009C561A /* ContentView.swift in Sources */,
				7E88B1502968B9D10048AEFE /* Playlist.swift in Sources */,
				7E69B9D229524B9F0060FD33 /* GameScreen.swift in Sources */,
				7E88B15B2968ED340048AEFE /* AlbumView.swift in Sources */,
				7EC43C30297A780300A59BE5 /* HowToPlayView.swift in Sources */,
				7E1D80C12982008200056E5D /* ClearTextFieldButton.swift in Sources */,
				7EC43C2C297A777400A59BE5 /* PreGameView.swift in Sources */,
				7E88B15D2968EED70048AEFE /* PlaylistResponse.swift in Sources */,
				7E88B14E2968B9340048AEFE /* AudioTrack.swift in Sources */,
				7EE7A7AF2954FFED004B75A6 /* UserProfile.swift in Sources */,
				7EE035AF297612050090BB19 /* PlaylistTrackCellModel.swift in Sources */,
				7E88B1522968B9D80048AEFE /* Album.swift in Sources */,
				7E3EC3C729790310004D9943 /* UserPlaylistResponse.swift in Sources */,
				7EAF7C36294E530C009C561A /* KBAppApp.swift in Sources */,
				7E88B15F2968F0330048AEFE /* AlbumResponse.swift in Sources */,
				7EADA8A6298895E500F22C2B /* CircularProgressView.swift in Sources */,
				7E69B9D029524B8B0060FD33 /* HomeScreen.swift in Sources */,
				7EE7A7AC2954FFA2004B75A6 /* APICaller.swift in Sources */,
				7E88B14A296782FE0048AEFE /* Artist.swift in Sources */,
				7EADA8A82989D84A00F22C2B /* Player.swift in Sources */,
				7EE035B1297620FB0090BB19 /* PlayGameView.swift in Sources */,
				7E88B148296782B80048AEFE /* UserImage.swift in Sources */,
				7E69B9D529524C5D0060FD33 /* AuthManager.swift in Sources */,
				7E69B9D729524D880060FD33 /* SignInScreen.swift in Sources */,
				7E69B9DF2953F4F70060FD33 /* AuthResponse.swift in Sources */,
				7E88B1572968E11C0048AEFE /* PlaylistView.swift in Sources */,
				7E88B14C296785530048AEFE /* FeaturedPlaylistResponse.swift in Sources */,
				7EE7A7B32964BEBD004B75A6 /* SettingsView.swift in Sources */,
				7EE7A7B12964B18D004B75A6 /* ProfileView.swift in Sources */,
				7EADA8AA2989D88800F22C2B /* Team.swift in Sources */,
				7E88B1552968C0790048AEFE /* FeaturedPlaylistCellModel.swift in Sources */,
				7E69B9DB295386490060FD33 /* WebView.swift in Sources */,
			);
			runOnlyForDeploymentPostprocessing = 0;
		};
/* End PBXSourcesBuildPhase section */

/* Begin XCBuildConfiguration section */
		7EAF7C3E294E530E009C561A /* Debug */ = {
			isa = XCBuildConfiguration;
			buildSettings = {
				ALWAYS_SEARCH_USER_PATHS = NO;
				CLANG_ANALYZER_NONNULL = YES;
				CLANG_ANALYZER_NUMBER_OBJECT_CONVERSION = YES_AGGRESSIVE;
				CLANG_CXX_LANGUAGE_STANDARD = "gnu++20";
				CLANG_ENABLE_MODULES = YES;
				CLANG_ENABLE_OBJC_ARC = YES;
				CLANG_ENABLE_OBJC_WEAK = YES;
				CLANG_WARN_BLOCK_CAPTURE_AUTORELEASING = YES;
				CLANG_WARN_BOOL_CONVERSION = YES;
				CLANG_WARN_COMMA = YES;
				CLANG_WARN_CONSTANT_CONVERSION = YES;
				CLANG_WARN_DEPRECATED_OBJC_IMPLEMENTATIONS = YES;
				CLANG_WARN_DIRECT_OBJC_ISA_USAGE = YES_ERROR;
				CLANG_WARN_DOCUMENTATION_COMMENTS = YES;
				CLANG_WARN_EMPTY_BODY = YES;
				CLANG_WARN_ENUM_CONVERSION = YES;
				CLANG_WARN_INFINITE_RECURSION = YES;
				CLANG_WARN_INT_CONVERSION = YES;
				CLANG_WARN_NON_LITERAL_NULL_CONVERSION = YES;
				CLANG_WARN_OBJC_IMPLICIT_RETAIN_SELF = YES;
				CLANG_WARN_OBJC_LITERAL_CONVERSION = YES;
				CLANG_WARN_OBJC_ROOT_CLASS = YES_ERROR;
				CLANG_WARN_QUOTED_INCLUDE_IN_FRAMEWORK_HEADER = YES;
				CLANG_WARN_RANGE_LOOP_ANALYSIS = YES;
				CLANG_WARN_STRICT_PROTOTYPES = YES;
				CLANG_WARN_SUSPICIOUS_MOVE = YES;
				CLANG_WARN_UNGUARDED_AVAILABILITY = YES_AGGRESSIVE;
				CLANG_WARN_UNREACHABLE_CODE = YES;
				CLANG_WARN__DUPLICATE_METHOD_MATCH = YES;
				COPY_PHASE_STRIP = NO;
				DEBUG_INFORMATION_FORMAT = dwarf;
				ENABLE_STRICT_OBJC_MSGSEND = YES;
				ENABLE_TESTABILITY = YES;
				GCC_C_LANGUAGE_STANDARD = gnu11;
				GCC_DYNAMIC_NO_PIC = NO;
				GCC_NO_COMMON_BLOCKS = YES;
				GCC_OPTIMIZATION_LEVEL = 0;
				GCC_PREPROCESSOR_DEFINITIONS = (
					"DEBUG=1",
					"$(inherited)",
				);
				GCC_WARN_64_TO_32_BIT_CONVERSION = YES;
				GCC_WARN_ABOUT_RETURN_TYPE = YES_ERROR;
				GCC_WARN_UNDECLARED_SELECTOR = YES;
				GCC_WARN_UNINITIALIZED_AUTOS = YES_AGGRESSIVE;
				GCC_WARN_UNUSED_FUNCTION = YES;
				GCC_WARN_UNUSED_VARIABLE = YES;
				IPHONEOS_DEPLOYMENT_TARGET = 16.0;
				MTL_ENABLE_DEBUG_INFO = INCLUDE_SOURCE;
				MTL_FAST_MATH = YES;
				ONLY_ACTIVE_ARCH = YES;
				SDKROOT = iphoneos;
				SWIFT_ACTIVE_COMPILATION_CONDITIONS = DEBUG;
				SWIFT_OPTIMIZATION_LEVEL = "-Onone";
			};
			name = Debug;
		};
		7EAF7C3F294E530E009C561A /* Release */ = {
			isa = XCBuildConfiguration;
			buildSettings = {
				ALWAYS_SEARCH_USER_PATHS = NO;
				CLANG_ANALYZER_NONNULL = YES;
				CLANG_ANALYZER_NUMBER_OBJECT_CONVERSION = YES_AGGRESSIVE;
				CLANG_CXX_LANGUAGE_STANDARD = "gnu++20";
				CLANG_ENABLE_MODULES = YES;
				CLANG_ENABLE_OBJC_ARC = YES;
				CLANG_ENABLE_OBJC_WEAK = YES;
				CLANG_WARN_BLOCK_CAPTURE_AUTORELEASING = YES;
				CLANG_WARN_BOOL_CONVERSION = YES;
				CLANG_WARN_COMMA = YES;
				CLANG_WARN_CONSTANT_CONVERSION = YES;
				CLANG_WARN_DEPRECATED_OBJC_IMPLEMENTATIONS = YES;
				CLANG_WARN_DIRECT_OBJC_ISA_USAGE = YES_ERROR;
				CLANG_WARN_DOCUMENTATION_COMMENTS = YES;
				CLANG_WARN_EMPTY_BODY = YES;
				CLANG_WARN_ENUM_CONVERSION = YES;
				CLANG_WARN_INFINITE_RECURSION = YES;
				CLANG_WARN_INT_CONVERSION = YES;
				CLANG_WARN_NON_LITERAL_NULL_CONVERSION = YES;
				CLANG_WARN_OBJC_IMPLICIT_RETAIN_SELF = YES;
				CLANG_WARN_OBJC_LITERAL_CONVERSION = YES;
				CLANG_WARN_OBJC_ROOT_CLASS = YES_ERROR;
				CLANG_WARN_QUOTED_INCLUDE_IN_FRAMEWORK_HEADER = YES;
				CLANG_WARN_RANGE_LOOP_ANALYSIS = YES;
				CLANG_WARN_STRICT_PROTOTYPES = YES;
				CLANG_WARN_SUSPICIOUS_MOVE = YES;
				CLANG_WARN_UNGUARDED_AVAILABILITY = YES_AGGRESSIVE;
				CLANG_WARN_UNREACHABLE_CODE = YES;
				CLANG_WARN__DUPLICATE_METHOD_MATCH = YES;
				COPY_PHASE_STRIP = NO;
				DEBUG_INFORMATION_FORMAT = "dwarf-with-dsym";
				ENABLE_NS_ASSERTIONS = NO;
				ENABLE_STRICT_OBJC_MSGSEND = YES;
				GCC_C_LANGUAGE_STANDARD = gnu11;
				GCC_NO_COMMON_BLOCKS = YES;
				GCC_WARN_64_TO_32_BIT_CONVERSION = YES;
				GCC_WARN_ABOUT_RETURN_TYPE = YES_ERROR;
				GCC_WARN_UNDECLARED_SELECTOR = YES;
				GCC_WARN_UNINITIALIZED_AUTOS = YES_AGGRESSIVE;
				GCC_WARN_UNUSED_FUNCTION = YES;
				GCC_WARN_UNUSED_VARIABLE = YES;
				IPHONEOS_DEPLOYMENT_TARGET = 16.0;
				MTL_ENABLE_DEBUG_INFO = NO;
				MTL_FAST_MATH = YES;
				SDKROOT = iphoneos;
				SWIFT_COMPILATION_MODE = wholemodule;
				SWIFT_OPTIMIZATION_LEVEL = "-O";
				VALIDATE_PRODUCT = YES;
			};
			name = Release;
		};
		7EAF7C41294E530E009C561A /* Debug */ = {
			isa = XCBuildConfiguration;
			buildSettings = {
				ASSETCATALOG_COMPILER_APPICON_NAME = AppIcon;
				ASSETCATALOG_COMPILER_GLOBAL_ACCENT_COLOR_NAME = AccentColor;
				CODE_SIGN_STYLE = Automatic;
				CURRENT_PROJECT_VERSION = 1;
				DEVELOPMENT_ASSET_PATHS = "\"KBApp/Preview Content\"";
				DEVELOPMENT_TEAM = 54C56N7XB2;
				ENABLE_PREVIEWS = YES;
				GENERATE_INFOPLIST_FILE = YES;
				INFOPLIST_FILE = KBApp/Info.plist;
				INFOPLIST_KEY_CFBundleDisplayName = "Kazoo Bugaloo";
				INFOPLIST_KEY_LSApplicationCategoryType = "public.app-category.games";
				INFOPLIST_KEY_UIApplicationSupportsIndirectInputEvents = YES;
				INFOPLIST_KEY_UILaunchScreen_Generation = YES;
				INFOPLIST_KEY_UILaunchStoryboardName = "Launch Screen.storyboard";
				INFOPLIST_KEY_UISupportedInterfaceOrientations_iPad = "UIInterfaceOrientationPortrait UIInterfaceOrientationPortraitUpsideDown UIInterfaceOrientationLandscapeLeft UIInterfaceOrientationLandscapeRight";
				INFOPLIST_KEY_UISupportedInterfaceOrientations_iPhone = "UIInterfaceOrientationPortrait UIInterfaceOrientationLandscapeLeft UIInterfaceOrientationLandscapeRight";
				LD_RUNPATH_SEARCH_PATHS = (
					"$(inherited)",
					"@executable_path/Frameworks",
				);
				MARKETING_VERSION = 1.0;
				NEW_SETTING = "";
				PRODUCT_BUNDLE_IDENTIFIER = com.samrichard.KBApp;
				PRODUCT_NAME = "$(TARGET_NAME)";
				SWIFT_EMIT_LOC_STRINGS = YES;
				SWIFT_VERSION = 5.0;
				TARGETED_DEVICE_FAMILY = "1,2";
			};
			name = Debug;
		};
		7EAF7C42294E530E009C561A /* Release */ = {
			isa = XCBuildConfiguration;
			buildSettings = {
				ASSETCATALOG_COMPILER_APPICON_NAME = AppIcon;
				ASSETCATALOG_COMPILER_GLOBAL_ACCENT_COLOR_NAME = AccentColor;
				CODE_SIGN_STYLE = Automatic;
				CURRENT_PROJECT_VERSION = 1;
				DEVELOPMENT_ASSET_PATHS = "\"KBApp/Preview Content\"";
				DEVELOPMENT_TEAM = 54C56N7XB2;
				ENABLE_PREVIEWS = YES;
				GENERATE_INFOPLIST_FILE = YES;
				INFOPLIST_FILE = KBApp/Info.plist;
				INFOPLIST_KEY_CFBundleDisplayName = "Kazoo Bugaloo";
				INFOPLIST_KEY_LSApplicationCategoryType = "public.app-category.games";
				INFOPLIST_KEY_UIApplicationSupportsIndirectInputEvents = YES;
				INFOPLIST_KEY_UILaunchScreen_Generation = YES;
				INFOPLIST_KEY_UILaunchStoryboardName = "Launch Screen.storyboard";
				INFOPLIST_KEY_UISupportedInterfaceOrientations_iPad = "UIInterfaceOrientationPortrait UIInterfaceOrientationPortraitUpsideDown UIInterfaceOrientationLandscapeLeft UIInterfaceOrientationLandscapeRight";
				INFOPLIST_KEY_UISupportedInterfaceOrientations_iPhone = "UIInterfaceOrientationPortrait UIInterfaceOrientationLandscapeLeft UIInterfaceOrientationLandscapeRight";
				LD_RUNPATH_SEARCH_PATHS = (
					"$(inherited)",
					"@executable_path/Frameworks",
				);
				MARKETING_VERSION = 1.0;
				NEW_SETTING = "";
				PRODUCT_BUNDLE_IDENTIFIER = com.samrichard.KBApp;
				PRODUCT_NAME = "$(TARGET_NAME)";
				SWIFT_EMIT_LOC_STRINGS = YES;
				SWIFT_VERSION = 5.0;
				TARGETED_DEVICE_FAMILY = "1,2";
			};
			name = Release;
		};
/* End XCBuildConfiguration section */

/* Begin XCConfigurationList section */
		7EAF7C2D294E530C009C561A /* Build configuration list for PBXProject "KBApp" */ = {
			isa = XCConfigurationList;
			buildConfigurations = (
				7EAF7C3E294E530E009C561A /* Debug */,
				7EAF7C3F294E530E009C561A /* Release */,
			);
			defaultConfigurationIsVisible = 0;
			defaultConfigurationName = Release;
		};
		7EAF7C40294E530E009C561A /* Build configuration list for PBXNativeTarget "KBApp" */ = {
			isa = XCConfigurationList;
			buildConfigurations = (
				7EAF7C41294E530E009C561A /* Debug */,
				7EAF7C42294E530E009C561A /* Release */,
			);
			defaultConfigurationIsVisible = 0;
			defaultConfigurationName = Release;
		};
/* End XCConfigurationList section */
	};
	rootObject = 7EAF7C2A294E530C009C561A /* Project object */;
}
